
Microsoft Visual Studio Solution File, Format Version 12.00
# Visual Studio Version 16
VisualStudioVersion = 16.0.29319.158
MinimumVisualStudioVersion = 10.0.40219.1
Project("{FAE04EC0-301F-11D3-BF4B-00C04F79EFBC}") = "NewsApp.Android", "NewsApp\NewsApp.Android\NewsApp.Android.csproj", "{9E52143F-0C70-4331-B2AC-F0EBA605F43C}"
EndProject
Project("{FAE04EC0-301F-11D3-BF4B-00C04F79EFBC}") = "NewsApp.iOS", "NewsApp\NewsApp.iOS\NewsApp.iOS.csproj", "{20EA3697-B1E1-4E6E-B955-DBA9C9C5C496}"
EndProject
Project("{9A19103F-16F7-4668-BE54-9A1E7A4F7556}") = "NewsApp", "NewsApp\NewsApp\NewsApp.csproj", "{2D16E736-9F30-40A7-AF10-C02D60203EC8}"
EndProject
Project("{FAE04EC0-301F-11D3-BF4B-00C04F79EFBC}") = "UnitTest.NewsApp", "UnitTest.NewsApp\UnitTest.NewsApp.csproj", "{CD38D699-24CC-4C98-AB81-7D9C2E1E89F2}"
EndProject
Global
	GlobalSection(SolutionConfigurationPlatforms) = preSolution
		Debug|Any CPU = Debug|Any CPU
		Debug|iPhone = Debug|iPhone
		Debug|iPhoneSimulator = Debug|iPhoneSimulator
		Release|Any CPU = Release|Any CPU
		Release|iPhone = Release|iPhone
		Release|iPhoneSimulator = Release|iPhoneSimulator
	EndGlobalSection
	GlobalSection(ProjectConfigurationPlatforms) = postSolution
		{9E52143F-0C70-4331-B2AC-F0EBA605F43C}.Debug|Any CPU.ActiveCfg = Debug|Any CPU
		{9E52143F-0C70-4331-B2AC-F0EBA605F43C}.Debug|Any CPU.Build.0 = Debug|Any CPU
		{9E52143F-0C70-4331-B2AC-F0EBA605F43C}.Debug|Any CPU.Deploy.0 = Debug|Any CPU
		{9E52143F-0C70-4331-B2AC-F0EBA605F43C}.Debug|iPhone.ActiveCfg = Debug|Any CPU
		{9E52143F-0C70-4331-B2AC-F0EBA605F43C}.Debug|iPhone.Build.0 = Debug|Any CPU
		{9E52143F-0C70-4331-B2AC-F0EBA605F43C}.Debug|iPhone.Deploy.0 = Debug|Any CPU
		{9E52143F-0C70-4331-B2AC-F0EBA605F43C}.Debug|iPhoneSimulator.ActiveCfg = Debug|Any CPU
		{9E52143F-0C70-4331-B2AC-F0EBA605F43C}.Debug|iPhoneSimulator.Build.0 = Debug|Any CPU
		{9E52143F-0C70-4331-B2AC-F0EBA605F43C}.Debug|iPhoneSimulator.Deploy.0 = Debug|Any CPU
		{9E52143F-0C70-4331-B2AC-F0EBA605F43C}.Release|Any CPU.ActiveCfg = Release|Any CPU
		{9E52143F-0C70-4331-B2AC-F0EBA605F43C}.Release|Any CPU.Build.0 = Release|Any CPU
		{9E52143F-0C70-4331-B2AC-F0EBA605F43C}.Release|Any CPU.Deploy.0 = Release|Any CPU
		{9E52143F-0C70-4331-B2AC-F0EBA605F43C}.Release|iPhone.ActiveCfg = Release|Any CPU
		{9E52143F-0C70-4331-B2AC-F0EBA605F43C}.Release|iPhone.Build.0 = Release|Any CPU
		{9E52143F-0C70-4331-B2AC-F0EBA605F43C}.Release|iPhone.Deploy.0 = Release|Any CPU
		{9E52143F-0C70-4331-B2AC-F0EBA605F43C}.Release|iPhoneSimulator.ActiveCfg = Release|Any CPU
		{9E52143F-0C70-4331-B2AC-F0EBA605F43C}.Release|iPhoneSimulator.Build.0 = Release|Any CPU
		{9E52143F-0C70-4331-B2AC-F0EBA605F43C}.Release|iPhoneSimulator.Deploy.0 = Release|Any CPU
		{20EA3697-B1E1-4E6E-B955-DBA9C9C5C496}.Debug|Any CPU.ActiveCfg = Debug|iPhoneSimulator
		{20EA3697-B1E1-4E6E-B955-DBA9C9C5C496}.Debug|Any CPU.Build.0 = Debug|iPhoneSimulator
		{20EA3697-B1E1-4E6E-B955-DBA9C9C5C496}.Debug|Any CPU.Deploy.0 = Debug|iPhoneSimulator
		{20EA3697-B1E1-4E6E-B955-DBA9C9C5C496}.Debug|iPhone.ActiveCfg = Debug|iPhone
		{20EA3697-B1E1-4E6E-B955-DBA9C9C5C496}.Debug|iPhone.Build.0 = Debug|iPhone
		{20EA3697-B1E1-4E6E-B955-DBA9C9C5C496}.Debug|iPhone.Deploy.0 = Debug|iPhone
		{20EA3697-B1E1-4E6E-B955-DBA9C9C5C496}.Debug|iPhoneSimulator.ActiveCfg = Debug|iPhoneSimulator
		{20EA3697-B1E1-4E6E-B955-DBA9C9C5C496}.Debug|iPhoneSimulator.Build.0 = Debug|iPhoneSimulator
		{20EA3697-B1E1-4E6E-B955-DBA9C9C5C496}.Debug|iPhoneSimulator.Deploy.0 = Debug|iPhoneSimulator
		{20EA3697-B1E1-4E6E-B955-DBA9C9C5C496}.Release|Any CPU.ActiveCfg = Release|iPhone
		{20EA3697-B1E1-4E6E-B955-DBA9C9C5C496}.Release|Any CPU.Build.0 = Release|iPhone
		{20EA3697-B1E1-4E6E-B955-DBA9C9C5C496}.Release|Any CPU.Deploy.0 = Release|iPhone
		{20EA3697-B1E1-4E6E-B955-DBA9C9C5C496}.Release|iPhone.ActiveCfg = Release|iPhone
		{20EA3697-B1E1-4E6E-B955-DBA9C9C5C496}.Release|iPhone.Build.0 = Release|iPhone
		{20EA3697-B1E1-4E6E-B955-DBA9C9C5C496}.Release|iPhone.Deploy.0 = Release|iPhone
		{20EA3697-B1E1-4E6E-B955-DBA9C9C5C496}.Release|iPhoneSimulator.ActiveCfg = Release|iPhoneSimulator
		{20EA3697-B1E1-4E6E-B955-DBA9C9C5C496}.Release|iPhoneSimulator.Build.0 = Release|iPhoneSimulator
		{20EA3697-B1E1-4E6E-B955-DBA9C9C5C496}.Release|iPhoneSimulator.Deploy.0 = Release|iPhoneSimulator
		{2D16E736-9F30-40A7-AF10-C02D60203EC8}.Debug|Any CPU.ActiveCfg = Debug|Any CPU
		{2D16E736-9F30-40A7-AF10-C02D60203EC8}.Debug|Any CPU.Build.0 = Debug|Any CPU
		{2D16E736-9F30-40A7-AF10-C02D60203EC8}.Debug|Any CPU.Deploy.0 = Debug|Any CPU
		{2D16E736-9F30-40A7-AF10-C02D60203EC8}.Debug|iPhone.ActiveCfg = Debug|Any CPU
		{2D16E736-9F30-40A7-AF10-C02D60203EC8}.Debug|iPhone.Build.0 = Debug|Any CPU
		{2D16E736-9F30-40A7-AF10-C02D60203EC8}.Debug|iPhone.Deploy.0 = Debug|Any CPU
		{2D16E736-9F30-40A7-AF10-C02D60203EC8}.Debug|iPhoneSimulator.ActiveCfg = Debug|Any CPU
		{2D16E736-9F30-40A7-AF10-C02D60203EC8}.Debug|iPhoneSimulator.Build.0 = Debug|Any CPU
		{2D16E736-9F30-40A7-AF10-C02D60203EC8}.Debug|iPhoneSimulator.Deploy.0 = Debug|Any CPU
		{2D16E736-9F30-40A7-AF10-C02D60203EC8}.Release|Any CPU.ActiveCfg = Release|Any CPU
		{2D16E736-9F30-40A7-AF10-C02D60203EC8}.Release|Any CPU.Build.0 = Release|Any CPU
		{2D16E736-9F30-40A7-AF10-C02D60203EC8}.Release|Any CPU.Deploy.0 = Release|Any CPU
		{2D16E736-9F30-40A7-AF10-C02D60203EC8}.Release|iPhone.ActiveCfg = Release|Any CPU
		{2D16E736-9F30-40A7-AF10-C02D60203EC8}.Release|iPhone.Build.0 = Release|Any CPU
		{2D16E736-9F30-40A7-AF10-C02D60203EC8}.Release|iPhone.Deploy.0 = Release|Any CPU
		{2D16E736-9F30-40A7-AF10-C02D60203EC8}.Release|iPhoneSimulator.ActiveCfg = Release|Any CPU
		{2D16E736-9F30-40A7-AF10-C02D60203EC8}.Release|iPhoneSimulator.Build.0 = Release|Any CPU
		{2D16E736-9F30-40A7-AF10-C02D60203EC8}.Release|iPhoneSimulator.Deploy.0 = Release|Any CPU
		{CD38D699-24CC-4C98-AB81-7D9C2E1E89F2}.Debug|Any CPU.ActiveCfg = Debug|Any CPU
		{CD38D699-24CC-4C98-AB81-7D9C2E1E89F2}.Debug|Any CPU.Build.0 = Debug|Any CPU
		{CD38D699-24CC-4C98-AB81-7D9C2E1E89F2}.Debug|iPhone.ActiveCfg = Debug|Any CPU
		{CD38D699-24CC-4C98-AB81-7D9C2E1E89F2}.Debug|iPhone.Build.0 = Debug|Any CPU
		{CD38D699-24CC-4C98-AB81-7D9C2E1E89F2}.Debug|iPhoneSimulator.ActiveCfg = Debug|Any CPU
		{CD38D699-24CC-4C98-AB81-7D9C2E1E89F2}.Debug|iPhoneSimulator.Build.0 = Debug|Any CPU
		{CD38D699-24CC-4C98-AB81-7D9C2E1E89F2}.Release|Any CPU.ActiveCfg = Release|Any CPU
		{CD38D699-24CC-4C98-AB81-7D9C2E1E89F2}.Release|Any CPU.Build.0 = Release|Any CPU
		{CD38D699-24CC-4C98-AB81-7D9C2E1E89F2}.Release|iPhone.ActiveCfg = Release|Any CPU
		{CD38D699-24CC-4C98-AB81-7D9C2E1E89F2}.Release|iPhone.Build.0 = Release|Any CPU
		{CD38D699-24CC-4C98-AB81-7D9C2E1E89F2}.Release|iPhoneSimulator.ActiveCfg = Release|Any CPU
		{CD38D699-24CC-4C98-AB81-7D9C2E1E89F2}.Release|iPhoneSimulator.Build.0 = Release|Any CPU
	EndGlobalSection
	GlobalSection(SolutionProperties) = preSolution
		HideSolutionNode = FALSE
	EndGlobalSection
	GlobalSection(ExtensibilityGlobals) = postSolution
		SolutionGuid = {ABA3E2F1-26CE-45D5-AA7C-1AEAC90ADCD5}
	EndGlobalSection
EndGlobal
