
Microsoft Visual Studio Solution File, Format Version 12.00
# Visual Studio Version 16
VisualStudioVersion = 16.0.29215.179
MinimumVisualStudioVersion = 10.0.40219.1
Project("{FAE04EC0-301F-11D3-BF4B-00C04F79EFBC}") = "SpartanNote.Android", "SpartanNote\SpartanNote.Android\SpartanNote.Android.csproj", "{229D68CA-D5FD-488C-AD1F-24A4CC4086DB}"
EndProject
Project("{FAE04EC0-301F-11D3-BF4B-00C04F79EFBC}") = "SpartanNote.iOS", "SpartanNote\SpartanNote.iOS\SpartanNote.iOS.csproj", "{AFAE4725-83EE-4595-AC73-9DEE55E3F693}"
EndProject
Project("{FAE04EC0-301F-11D3-BF4B-00C04F79EFBC}") = "SpartanNote", "SpartanNote\SpartanNote\SpartanNote.csproj", "{A7322A13-08F5-4F92-AD02-1C428627ABC2}"
EndProject
Global
	GlobalSection(SolutionConfigurationPlatforms) = preSolution
		Debug|Any CPU = Debug|Any CPU
		Debug|iPhone = Debug|iPhone
		Debug|iPhoneSimulator = Debug|iPhoneSimulator
		Release|Any CPU = Release|Any CPU
		Release|iPhone = Release|iPhone
		Release|iPhoneSimulator = Release|iPhoneSimulator
	EndGlobalSection
	GlobalSection(ProjectConfigurationPlatforms) = postSolution
		{229D68CA-D5FD-488C-AD1F-24A4CC4086DB}.Debug|Any CPU.ActiveCfg = Debug|Any CPU
		{229D68CA-D5FD-488C-AD1F-24A4CC4086DB}.Debug|Any CPU.Build.0 = Debug|Any CPU
		{229D68CA-D5FD-488C-AD1F-24A4CC4086DB}.Debug|Any CPU.Deploy.0 = Debug|Any CPU
		{229D68CA-D5FD-488C-AD1F-24A4CC4086DB}.Debug|iPhone.ActiveCfg = Debug|Any CPU
		{229D68CA-D5FD-488C-AD1F-24A4CC4086DB}.Debug|iPhone.Build.0 = Debug|Any CPU
		{229D68CA-D5FD-488C-AD1F-24A4CC4086DB}.Debug|iPhone.Deploy.0 = Debug|Any CPU
		{229D68CA-D5FD-488C-AD1F-24A4CC4086DB}.Debug|iPhoneSimulator.ActiveCfg = Debug|Any CPU
		{229D68CA-D5FD-488C-AD1F-24A4CC4086DB}.Debug|iPhoneSimulator.Build.0 = Debug|Any CPU
		{229D68CA-D5FD-488C-AD1F-24A4CC4086DB}.Debug|iPhoneSimulator.Deploy.0 = Debug|Any CPU
		{229D68CA-D5FD-488C-AD1F-24A4CC4086DB}.Release|Any CPU.ActiveCfg = Release|Any CPU
		{229D68CA-D5FD-488C-AD1F-24A4CC4086DB}.Release|Any CPU.Build.0 = Release|Any CPU
		{229D68CA-D5FD-488C-AD1F-24A4CC4086DB}.Release|Any CPU.Deploy.0 = Release|Any CPU
		{229D68CA-D5FD-488C-AD1F-24A4CC4086DB}.Release|iPhone.ActiveCfg = Release|Any CPU
		{229D68CA-D5FD-488C-AD1F-24A4CC4086DB}.Release|iPhone.Build.0 = Release|Any CPU
		{229D68CA-D5FD-488C-AD1F-24A4CC4086DB}.Release|iPhone.Deploy.0 = Release|Any CPU
		{229D68CA-D5FD-488C-AD1F-24A4CC4086DB}.Release|iPhoneSimulator.ActiveCfg = Release|Any CPU
		{229D68CA-D5FD-488C-AD1F-24A4CC4086DB}.Release|iPhoneSimulator.Build.0 = Release|Any CPU
		{229D68CA-D5FD-488C-AD1F-24A4CC4086DB}.Release|iPhoneSimulator.Deploy.0 = Release|Any CPU
		{AFAE4725-83EE-4595-AC73-9DEE55E3F693}.Debug|Any CPU.ActiveCfg = Debug|iPhoneSimulator
		{AFAE4725-83EE-4595-AC73-9DEE55E3F693}.Debug|Any CPU.Build.0 = Debug|iPhoneSimulator
		{AFAE4725-83EE-4595-AC73-9DEE55E3F693}.Debug|Any CPU.Deploy.0 = Debug|iPhoneSimulator
		{AFAE4725-83EE-4595-AC73-9DEE55E3F693}.Debug|iPhone.ActiveCfg = Debug|iPhone
		{AFAE4725-83EE-4595-AC73-9DEE55E3F693}.Debug|iPhone.Build.0 = Debug|iPhone
		{AFAE4725-83EE-4595-AC73-9DEE55E3F693}.Debug|iPhone.Deploy.0 = Debug|iPhone
		{AFAE4725-83EE-4595-AC73-9DEE55E3F693}.Debug|iPhoneSimulator.ActiveCfg = Debug|iPhoneSimulator
		{AFAE4725-83EE-4595-AC73-9DEE55E3F693}.Debug|iPhoneSimulator.Build.0 = Debug|iPhoneSimulator
		{AFAE4725-83EE-4595-AC73-9DEE55E3F693}.Debug|iPhoneSimulator.Deploy.0 = Debug|iPhoneSimulator
		{AFAE4725-83EE-4595-AC73-9DEE55E3F693}.Release|Any CPU.ActiveCfg = Release|iPhone
		{AFAE4725-83EE-4595-AC73-9DEE55E3F693}.Release|Any CPU.Build.0 = Release|iPhone
		{AFAE4725-83EE-4595-AC73-9DEE55E3F693}.Release|Any CPU.Deploy.0 = Release|iPhone
		{AFAE4725-83EE-4595-AC73-9DEE55E3F693}.Release|iPhone.ActiveCfg = Release|iPhone
		{AFAE4725-83EE-4595-AC73-9DEE55E3F693}.Release|iPhone.Build.0 = Release|iPhone
		{AFAE4725-83EE-4595-AC73-9DEE55E3F693}.Release|iPhone.Deploy.0 = Release|iPhone
		{AFAE4725-83EE-4595-AC73-9DEE55E3F693}.Release|iPhoneSimulator.ActiveCfg = Release|iPhoneSimulator
		{AFAE4725-83EE-4595-AC73-9DEE55E3F693}.Release|iPhoneSimulator.Build.0 = Release|iPhoneSimulator
		{AFAE4725-83EE-4595-AC73-9DEE55E3F693}.Release|iPhoneSimulator.Deploy.0 = Release|iPhoneSimulator
		{A7322A13-08F5-4F92-AD02-1C428627ABC2}.Debug|Any CPU.ActiveCfg = Debug|Any CPU
		{A7322A13-08F5-4F92-AD02-1C428627ABC2}.Debug|Any CPU.Build.0 = Debug|Any CPU
		{A7322A13-08F5-4F92-AD02-1C428627ABC2}.Debug|Any CPU.Deploy.0 = Debug|Any CPU
		{A7322A13-08F5-4F92-AD02-1C428627ABC2}.Debug|iPhone.ActiveCfg = Debug|Any CPU
		{A7322A13-08F5-4F92-AD02-1C428627ABC2}.Debug|iPhone.Build.0 = Debug|Any CPU
		{A7322A13-08F5-4F92-AD02-1C428627ABC2}.Debug|iPhone.Deploy.0 = Debug|Any CPU
		{A7322A13-08F5-4F92-AD02-1C428627ABC2}.Debug|iPhoneSimulator.ActiveCfg = Debug|Any CPU
		{A7322A13-08F5-4F92-AD02-1C428627ABC2}.Debug|iPhoneSimulator.Build.0 = Debug|Any CPU
		{A7322A13-08F5-4F92-AD02-1C428627ABC2}.Debug|iPhoneSimulator.Deploy.0 = Debug|Any CPU
		{A7322A13-08F5-4F92-AD02-1C428627ABC2}.Release|Any CPU.ActiveCfg = Release|Any CPU
		{A7322A13-08F5-4F92-AD02-1C428627ABC2}.Release|Any CPU.Build.0 = Release|Any CPU
		{A7322A13-08F5-4F92-AD02-1C428627ABC2}.Release|Any CPU.Deploy.0 = Release|Any CPU
		{A7322A13-08F5-4F92-AD02-1C428627ABC2}.Release|iPhone.ActiveCfg = Release|Any CPU
		{A7322A13-08F5-4F92-AD02-1C428627ABC2}.Release|iPhone.Build.0 = Release|Any CPU
		{A7322A13-08F5-4F92-AD02-1C428627ABC2}.Release|iPhone.Deploy.0 = Release|Any CPU
		{A7322A13-08F5-4F92-AD02-1C428627ABC2}.Release|iPhoneSimulator.ActiveCfg = Release|Any CPU
		{A7322A13-08F5-4F92-AD02-1C428627ABC2}.Release|iPhoneSimulator.Build.0 = Release|Any CPU
		{A7322A13-08F5-4F92-AD02-1C428627ABC2}.Release|iPhoneSimulator.Deploy.0 = Release|Any CPU
	EndGlobalSection
	GlobalSection(SolutionProperties) = preSolution
		HideSolutionNode = FALSE
	EndGlobalSection
	GlobalSection(ExtensibilityGlobals) = postSolution
		SolutionGuid = {6677B9EB-7746-4621-A6B5-260B60D88A3E}
	EndGlobalSection
EndGlobal
