
Microsoft Visual Studio Solution File, Format Version 12.00
# Visual Studio 15
VisualStudioVersion = 15.0.26430.14
MinimumVisualStudioVersion = 10.0.40219.1
Project("{FAE04EC0-301F-11D3-BF4B-00C04F79EFBC}") = "QuoteApp.Android", "QuoteApp\QuoteApp.Android\QuoteApp.Android.csproj", "{1F27B8CD-53D0-4372-9621-8D22B2E02A0D}"
EndProject
Project("{FAE04EC0-301F-11D3-BF4B-00C04F79EFBC}") = "QuoteApp", "QuoteApp\QuoteApp\QuoteApp.csproj", "{8D337632-30ED-431F-9633-E3E0CD6ED7AE}"
EndProject
Project("{FAE04EC0-301F-11D3-BF4B-00C04F79EFBC}") = "QuoteApp.UWP", "QuoteApp\QuoteApp.UWP\QuoteApp.UWP.csproj", "{D8D91536-3080-4E5D-8BAE-A9CEE9F97B5A}"
EndProject
Project("{FAE04EC0-301F-11D3-BF4B-00C04F79EFBC}") = "QuoteApp.iOS", "QuoteApp\QuoteApp.iOS\QuoteApp.iOS.csproj", "{4C93AF77-E24D-4617-8559-A60C789A2DC3}"
EndProject
Global
	GlobalSection(SolutionConfigurationPlatforms) = preSolution
		Ad-Hoc|Any CPU = Ad-Hoc|Any CPU
		Ad-Hoc|ARM = Ad-Hoc|ARM
		Ad-Hoc|iPhone = Ad-Hoc|iPhone
		Ad-Hoc|iPhoneSimulator = Ad-Hoc|iPhoneSimulator
		Ad-Hoc|x64 = Ad-Hoc|x64
		Ad-Hoc|x86 = Ad-Hoc|x86
		AppStore|Any CPU = AppStore|Any CPU
		AppStore|ARM = AppStore|ARM
		AppStore|iPhone = AppStore|iPhone
		AppStore|iPhoneSimulator = AppStore|iPhoneSimulator
		AppStore|x64 = AppStore|x64
		AppStore|x86 = AppStore|x86
		Debug|Any CPU = Debug|Any CPU
		Debug|ARM = Debug|ARM
		Debug|iPhone = Debug|iPhone
		Debug|iPhoneSimulator = Debug|iPhoneSimulator
		Debug|x64 = Debug|x64
		Debug|x86 = Debug|x86
		Release|Any CPU = Release|Any CPU
		Release|ARM = Release|ARM
		Release|iPhone = Release|iPhone
		Release|iPhoneSimulator = Release|iPhoneSimulator
		Release|x64 = Release|x64
		Release|x86 = Release|x86
	EndGlobalSection
	GlobalSection(ProjectConfigurationPlatforms) = postSolution
		{1F27B8CD-53D0-4372-9621-8D22B2E02A0D}.Ad-Hoc|Any CPU.ActiveCfg = Release|Any CPU
		{1F27B8CD-53D0-4372-9621-8D22B2E02A0D}.Ad-Hoc|Any CPU.Build.0 = Release|Any CPU
		{1F27B8CD-53D0-4372-9621-8D22B2E02A0D}.Ad-Hoc|Any CPU.Deploy.0 = Release|Any CPU
		{1F27B8CD-53D0-4372-9621-8D22B2E02A0D}.Ad-Hoc|ARM.ActiveCfg = Release|Any CPU
		{1F27B8CD-53D0-4372-9621-8D22B2E02A0D}.Ad-Hoc|ARM.Build.0 = Release|Any CPU
		{1F27B8CD-53D0-4372-9621-8D22B2E02A0D}.Ad-Hoc|ARM.Deploy.0 = Release|Any CPU
		{1F27B8CD-53D0-4372-9621-8D22B2E02A0D}.Ad-Hoc|iPhone.ActiveCfg = Release|Any CPU
		{1F27B8CD-53D0-4372-9621-8D22B2E02A0D}.Ad-Hoc|iPhone.Build.0 = Release|Any CPU
		{1F27B8CD-53D0-4372-9621-8D22B2E02A0D}.Ad-Hoc|iPhone.Deploy.0 = Release|Any CPU
		{1F27B8CD-53D0-4372-9621-8D22B2E02A0D}.Ad-Hoc|iPhoneSimulator.ActiveCfg = Release|Any CPU
		{1F27B8CD-53D0-4372-9621-8D22B2E02A0D}.Ad-Hoc|iPhoneSimulator.Build.0 = Release|Any CPU
		{1F27B8CD-53D0-4372-9621-8D22B2E02A0D}.Ad-Hoc|iPhoneSimulator.Deploy.0 = Release|Any CPU
		{1F27B8CD-53D0-4372-9621-8D22B2E02A0D}.Ad-Hoc|x64.ActiveCfg = Release|Any CPU
		{1F27B8CD-53D0-4372-9621-8D22B2E02A0D}.Ad-Hoc|x64.Build.0 = Release|Any CPU
		{1F27B8CD-53D0-4372-9621-8D22B2E02A0D}.Ad-Hoc|x64.Deploy.0 = Release|Any CPU
		{1F27B8CD-53D0-4372-9621-8D22B2E02A0D}.Ad-Hoc|x86.ActiveCfg = Release|Any CPU
		{1F27B8CD-53D0-4372-9621-8D22B2E02A0D}.Ad-Hoc|x86.Build.0 = Release|Any CPU
		{1F27B8CD-53D0-4372-9621-8D22B2E02A0D}.Ad-Hoc|x86.Deploy.0 = Release|Any CPU
		{1F27B8CD-53D0-4372-9621-8D22B2E02A0D}.AppStore|Any CPU.ActiveCfg = Release|Any CPU
		{1F27B8CD-53D0-4372-9621-8D22B2E02A0D}.AppStore|Any CPU.Build.0 = Release|Any CPU
		{1F27B8CD-53D0-4372-9621-8D22B2E02A0D}.AppStore|Any CPU.Deploy.0 = Release|Any CPU
		{1F27B8CD-53D0-4372-9621-8D22B2E02A0D}.AppStore|ARM.ActiveCfg = Release|Any CPU
		{1F27B8CD-53D0-4372-9621-8D22B2E02A0D}.AppStore|ARM.Build.0 = Release|Any CPU
		{1F27B8CD-53D0-4372-9621-8D22B2E02A0D}.AppStore|ARM.Deploy.0 = Release|Any CPU
		{1F27B8CD-53D0-4372-9621-8D22B2E02A0D}.AppStore|iPhone.ActiveCfg = Release|Any CPU
		{1F27B8CD-53D0-4372-9621-8D22B2E02A0D}.AppStore|iPhone.Build.0 = Release|Any CPU
		{1F27B8CD-53D0-4372-9621-8D22B2E02A0D}.AppStore|iPhone.Deploy.0 = Release|Any CPU
		{1F27B8CD-53D0-4372-9621-8D22B2E02A0D}.AppStore|iPhoneSimulator.ActiveCfg = Release|Any CPU
		{1F27B8CD-53D0-4372-9621-8D22B2E02A0D}.AppStore|iPhoneSimulator.Build.0 = Release|Any CPU
		{1F27B8CD-53D0-4372-9621-8D22B2E02A0D}.AppStore|iPhoneSimulator.Deploy.0 = Release|Any CPU
		{1F27B8CD-53D0-4372-9621-8D22B2E02A0D}.AppStore|x64.ActiveCfg = Release|Any CPU
		{1F27B8CD-53D0-4372-9621-8D22B2E02A0D}.AppStore|x64.Build.0 = Release|Any CPU
		{1F27B8CD-53D0-4372-9621-8D22B2E02A0D}.AppStore|x64.Deploy.0 = Release|Any CPU
		{1F27B8CD-53D0-4372-9621-8D22B2E02A0D}.AppStore|x86.ActiveCfg = Release|Any CPU
		{1F27B8CD-53D0-4372-9621-8D22B2E02A0D}.AppStore|x86.Build.0 = Release|Any CPU
		{1F27B8CD-53D0-4372-9621-8D22B2E02A0D}.AppStore|x86.Deploy.0 = Release|Any CPU
		{1F27B8CD-53D0-4372-9621-8D22B2E02A0D}.Debug|Any CPU.ActiveCfg = Debug|Any CPU
		{1F27B8CD-53D0-4372-9621-8D22B2E02A0D}.Debug|Any CPU.Build.0 = Debug|Any CPU
		{1F27B8CD-53D0-4372-9621-8D22B2E02A0D}.Debug|Any CPU.Deploy.0 = Debug|Any CPU
		{1F27B8CD-53D0-4372-9621-8D22B2E02A0D}.Debug|ARM.ActiveCfg = Debug|Any CPU
		{1F27B8CD-53D0-4372-9621-8D22B2E02A0D}.Debug|ARM.Build.0 = Debug|Any CPU
		{1F27B8CD-53D0-4372-9621-8D22B2E02A0D}.Debug|ARM.Deploy.0 = Debug|Any CPU
		{1F27B8CD-53D0-4372-9621-8D22B2E02A0D}.Debug|iPhone.ActiveCfg = Debug|Any CPU
		{1F27B8CD-53D0-4372-9621-8D22B2E02A0D}.Debug|iPhone.Build.0 = Debug|Any CPU
		{1F27B8CD-53D0-4372-9621-8D22B2E02A0D}.Debug|iPhone.Deploy.0 = Debug|Any CPU
		{1F27B8CD-53D0-4372-9621-8D22B2E02A0D}.Debug|iPhoneSimulator.ActiveCfg = Debug|Any CPU
		{1F27B8CD-53D0-4372-9621-8D22B2E02A0D}.Debug|iPhoneSimulator.Build.0 = Debug|Any CPU
		{1F27B8CD-53D0-4372-9621-8D22B2E02A0D}.Debug|iPhoneSimulator.Deploy.0 = Debug|Any CPU
		{1F27B8CD-53D0-4372-9621-8D22B2E02A0D}.Debug|x64.ActiveCfg = Debug|Any CPU
		{1F27B8CD-53D0-4372-9621-8D22B2E02A0D}.Debug|x64.Build.0 = Debug|Any CPU
		{1F27B8CD-53D0-4372-9621-8D22B2E02A0D}.Debug|x64.Deploy.0 = Debug|Any CPU
		{1F27B8CD-53D0-4372-9621-8D22B2E02A0D}.Debug|x86.ActiveCfg = Debug|Any CPU
		{1F27B8CD-53D0-4372-9621-8D22B2E02A0D}.Debug|x86.Build.0 = Debug|Any CPU
		{1F27B8CD-53D0-4372-9621-8D22B2E02A0D}.Debug|x86.Deploy.0 = Debug|Any CPU
		{1F27B8CD-53D0-4372-9621-8D22B2E02A0D}.Release|Any CPU.ActiveCfg = Release|Any CPU
		{1F27B8CD-53D0-4372-9621-8D22B2E02A0D}.Release|Any CPU.Build.0 = Release|Any CPU
		{1F27B8CD-53D0-4372-9621-8D22B2E02A0D}.Release|Any CPU.Deploy.0 = Release|Any CPU
		{1F27B8CD-53D0-4372-9621-8D22B2E02A0D}.Release|ARM.ActiveCfg = Release|Any CPU
		{1F27B8CD-53D0-4372-9621-8D22B2E02A0D}.Release|ARM.Build.0 = Release|Any CPU
		{1F27B8CD-53D0-4372-9621-8D22B2E02A0D}.Release|ARM.Deploy.0 = Release|Any CPU
		{1F27B8CD-53D0-4372-9621-8D22B2E02A0D}.Release|iPhone.ActiveCfg = Release|Any CPU
		{1F27B8CD-53D0-4372-9621-8D22B2E02A0D}.Release|iPhone.Build.0 = Release|Any CPU
		{1F27B8CD-53D0-4372-9621-8D22B2E02A0D}.Release|iPhone.Deploy.0 = Release|Any CPU
		{1F27B8CD-53D0-4372-9621-8D22B2E02A0D}.Release|iPhoneSimulator.ActiveCfg = Release|Any CPU
		{1F27B8CD-53D0-4372-9621-8D22B2E02A0D}.Release|iPhoneSimulator.Build.0 = Release|Any CPU
		{1F27B8CD-53D0-4372-9621-8D22B2E02A0D}.Release|iPhoneSimulator.Deploy.0 = Release|Any CPU
		{1F27B8CD-53D0-4372-9621-8D22B2E02A0D}.Release|x64.ActiveCfg = Release|Any CPU
		{1F27B8CD-53D0-4372-9621-8D22B2E02A0D}.Release|x64.Build.0 = Release|Any CPU
		{1F27B8CD-53D0-4372-9621-8D22B2E02A0D}.Release|x64.Deploy.0 = Release|Any CPU
		{1F27B8CD-53D0-4372-9621-8D22B2E02A0D}.Release|x86.ActiveCfg = Release|Any CPU
		{1F27B8CD-53D0-4372-9621-8D22B2E02A0D}.Release|x86.Build.0 = Release|Any CPU
		{1F27B8CD-53D0-4372-9621-8D22B2E02A0D}.Release|x86.Deploy.0 = Release|Any CPU
		{8D337632-30ED-431F-9633-E3E0CD6ED7AE}.Ad-Hoc|Any CPU.ActiveCfg = Release|Any CPU
		{8D337632-30ED-431F-9633-E3E0CD6ED7AE}.Ad-Hoc|Any CPU.Build.0 = Release|Any CPU
		{8D337632-30ED-431F-9633-E3E0CD6ED7AE}.Ad-Hoc|ARM.ActiveCfg = Release|Any CPU
		{8D337632-30ED-431F-9633-E3E0CD6ED7AE}.Ad-Hoc|ARM.Build.0 = Release|Any CPU
		{8D337632-30ED-431F-9633-E3E0CD6ED7AE}.Ad-Hoc|iPhone.ActiveCfg = Release|Any CPU
		{8D337632-30ED-431F-9633-E3E0CD6ED7AE}.Ad-Hoc|iPhone.Build.0 = Release|Any CPU
		{8D337632-30ED-431F-9633-E3E0CD6ED7AE}.Ad-Hoc|iPhoneSimulator.ActiveCfg = Release|Any CPU
		{8D337632-30ED-431F-9633-E3E0CD6ED7AE}.Ad-Hoc|iPhoneSimulator.Build.0 = Release|Any CPU
		{8D337632-30ED-431F-9633-E3E0CD6ED7AE}.Ad-Hoc|x64.ActiveCfg = Release|Any CPU
		{8D337632-30ED-431F-9633-E3E0CD6ED7AE}.Ad-Hoc|x64.Build.0 = Release|Any CPU
		{8D337632-30ED-431F-9633-E3E0CD6ED7AE}.Ad-Hoc|x86.ActiveCfg = Release|Any CPU
		{8D337632-30ED-431F-9633-E3E0CD6ED7AE}.Ad-Hoc|x86.Build.0 = Release|Any CPU
		{8D337632-30ED-431F-9633-E3E0CD6ED7AE}.AppStore|Any CPU.ActiveCfg = Release|Any CPU
		{8D337632-30ED-431F-9633-E3E0CD6ED7AE}.AppStore|Any CPU.Build.0 = Release|Any CPU
		{8D337632-30ED-431F-9633-E3E0CD6ED7AE}.AppStore|ARM.ActiveCfg = Release|Any CPU
		{8D337632-30ED-431F-9633-E3E0CD6ED7AE}.AppStore|ARM.Build.0 = Release|Any CPU
		{8D337632-30ED-431F-9633-E3E0CD6ED7AE}.AppStore|iPhone.ActiveCfg = Release|Any CPU
		{8D337632-30ED-431F-9633-E3E0CD6ED7AE}.AppStore|iPhone.Build.0 = Release|Any CPU
		{8D337632-30ED-431F-9633-E3E0CD6ED7AE}.AppStore|iPhoneSimulator.ActiveCfg = Release|Any CPU
		{8D337632-30ED-431F-9633-E3E0CD6ED7AE}.AppStore|iPhoneSimulator.Build.0 = Release|Any CPU
		{8D337632-30ED-431F-9633-E3E0CD6ED7AE}.AppStore|x64.ActiveCfg = Release|Any CPU
		{8D337632-30ED-431F-9633-E3E0CD6ED7AE}.AppStore|x64.Build.0 = Release|Any CPU
		{8D337632-30ED-431F-9633-E3E0CD6ED7AE}.AppStore|x86.ActiveCfg = Release|Any CPU
		{8D337632-30ED-431F-9633-E3E0CD6ED7AE}.AppStore|x86.Build.0 = Release|Any CPU
		{8D337632-30ED-431F-9633-E3E0CD6ED7AE}.Debug|Any CPU.ActiveCfg = Debug|Any CPU
		{8D337632-30ED-431F-9633-E3E0CD6ED7AE}.Debug|Any CPU.Build.0 = Debug|Any CPU
		{8D337632-30ED-431F-9633-E3E0CD6ED7AE}.Debug|ARM.ActiveCfg = Debug|Any CPU
		{8D337632-30ED-431F-9633-E3E0CD6ED7AE}.Debug|ARM.Build.0 = Debug|Any CPU
		{8D337632-30ED-431F-9633-E3E0CD6ED7AE}.Debug|iPhone.ActiveCfg = Debug|Any CPU
		{8D337632-30ED-431F-9633-E3E0CD6ED7AE}.Debug|iPhone.Build.0 = Debug|Any CPU
		{8D337632-30ED-431F-9633-E3E0CD6ED7AE}.Debug|iPhoneSimulator.ActiveCfg = Debug|Any CPU
		{8D337632-30ED-431F-9633-E3E0CD6ED7AE}.Debug|iPhoneSimulator.Build.0 = Debug|Any CPU
		{8D337632-30ED-431F-9633-E3E0CD6ED7AE}.Debug|x64.ActiveCfg = Debug|Any CPU
		{8D337632-30ED-431F-9633-E3E0CD6ED7AE}.Debug|x64.Build.0 = Debug|Any CPU
		{8D337632-30ED-431F-9633-E3E0CD6ED7AE}.Debug|x86.ActiveCfg = Debug|Any CPU
		{8D337632-30ED-431F-9633-E3E0CD6ED7AE}.Debug|x86.Build.0 = Debug|Any CPU
		{8D337632-30ED-431F-9633-E3E0CD6ED7AE}.Release|Any CPU.ActiveCfg = Release|Any CPU
		{8D337632-30ED-431F-9633-E3E0CD6ED7AE}.Release|Any CPU.Build.0 = Release|Any CPU
		{8D337632-30ED-431F-9633-E3E0CD6ED7AE}.Release|ARM.ActiveCfg = Release|Any CPU
		{8D337632-30ED-431F-9633-E3E0CD6ED7AE}.Release|ARM.Build.0 = Release|Any CPU
		{8D337632-30ED-431F-9633-E3E0CD6ED7AE}.Release|iPhone.ActiveCfg = Release|Any CPU
		{8D337632-30ED-431F-9633-E3E0CD6ED7AE}.Release|iPhone.Build.0 = Release|Any CPU
		{8D337632-30ED-431F-9633-E3E0CD6ED7AE}.Release|iPhoneSimulator.ActiveCfg = Release|Any CPU
		{8D337632-30ED-431F-9633-E3E0CD6ED7AE}.Release|iPhoneSimulator.Build.0 = Release|Any CPU
		{8D337632-30ED-431F-9633-E3E0CD6ED7AE}.Release|x64.ActiveCfg = Release|Any CPU
		{8D337632-30ED-431F-9633-E3E0CD6ED7AE}.Release|x64.Build.0 = Release|Any CPU
		{8D337632-30ED-431F-9633-E3E0CD6ED7AE}.Release|x86.ActiveCfg = Release|Any CPU
		{8D337632-30ED-431F-9633-E3E0CD6ED7AE}.Release|x86.Build.0 = Release|Any CPU
		{D8D91536-3080-4E5D-8BAE-A9CEE9F97B5A}.Ad-Hoc|Any CPU.ActiveCfg = Release|x86
		{D8D91536-3080-4E5D-8BAE-A9CEE9F97B5A}.Ad-Hoc|Any CPU.Build.0 = Release|x86
		{D8D91536-3080-4E5D-8BAE-A9CEE9F97B5A}.Ad-Hoc|Any CPU.Deploy.0 = Release|x86
		{D8D91536-3080-4E5D-8BAE-A9CEE9F97B5A}.Ad-Hoc|ARM.ActiveCfg = Release|ARM
		{D8D91536-3080-4E5D-8BAE-A9CEE9F97B5A}.Ad-Hoc|ARM.Build.0 = Release|ARM
		{D8D91536-3080-4E5D-8BAE-A9CEE9F97B5A}.Ad-Hoc|ARM.Deploy.0 = Release|ARM
		{D8D91536-3080-4E5D-8BAE-A9CEE9F97B5A}.Ad-Hoc|iPhone.ActiveCfg = Release|x86
		{D8D91536-3080-4E5D-8BAE-A9CEE9F97B5A}.Ad-Hoc|iPhone.Build.0 = Release|x86
		{D8D91536-3080-4E5D-8BAE-A9CEE9F97B5A}.Ad-Hoc|iPhone.Deploy.0 = Release|x86
		{D8D91536-3080-4E5D-8BAE-A9CEE9F97B5A}.Ad-Hoc|iPhoneSimulator.ActiveCfg = Release|x86
		{D8D91536-3080-4E5D-8BAE-A9CEE9F97B5A}.Ad-Hoc|iPhoneSimulator.Build.0 = Release|x86
		{D8D91536-3080-4E5D-8BAE-A9CEE9F97B5A}.Ad-Hoc|iPhoneSimulator.Deploy.0 = Release|x86
		{D8D91536-3080-4E5D-8BAE-A9CEE9F97B5A}.Ad-Hoc|x64.ActiveCfg = Release|x64
		{D8D91536-3080-4E5D-8BAE-A9CEE9F97B5A}.Ad-Hoc|x64.Build.0 = Release|x64
		{D8D91536-3080-4E5D-8BAE-A9CEE9F97B5A}.Ad-Hoc|x64.Deploy.0 = Release|x64
		{D8D91536-3080-4E5D-8BAE-A9CEE9F97B5A}.Ad-Hoc|x86.ActiveCfg = Release|x86
		{D8D91536-3080-4E5D-8BAE-A9CEE9F97B5A}.Ad-Hoc|x86.Build.0 = Release|x86
		{D8D91536-3080-4E5D-8BAE-A9CEE9F97B5A}.Ad-Hoc|x86.Deploy.0 = Release|x86
		{D8D91536-3080-4E5D-8BAE-A9CEE9F97B5A}.AppStore|Any CPU.ActiveCfg = Release|x86
		{D8D91536-3080-4E5D-8BAE-A9CEE9F97B5A}.AppStore|Any CPU.Build.0 = Release|x86
		{D8D91536-3080-4E5D-8BAE-A9CEE9F97B5A}.AppStore|Any CPU.Deploy.0 = Release|x86
		{D8D91536-3080-4E5D-8BAE-A9CEE9F97B5A}.AppStore|ARM.ActiveCfg = Release|ARM
		{D8D91536-3080-4E5D-8BAE-A9CEE9F97B5A}.AppStore|ARM.Build.0 = Release|ARM
		{D8D91536-3080-4E5D-8BAE-A9CEE9F97B5A}.AppStore|ARM.Deploy.0 = Release|ARM
		{D8D91536-3080-4E5D-8BAE-A9CEE9F97B5A}.AppStore|iPhone.ActiveCfg = Release|x86
		{D8D91536-3080-4E5D-8BAE-A9CEE9F97B5A}.AppStore|iPhone.Build.0 = Release|x86
		{D8D91536-3080-4E5D-8BAE-A9CEE9F97B5A}.AppStore|iPhone.Deploy.0 = Release|x86
		{D8D91536-3080-4E5D-8BAE-A9CEE9F97B5A}.AppStore|iPhoneSimulator.ActiveCfg = Release|x86
		{D8D91536-3080-4E5D-8BAE-A9CEE9F97B5A}.AppStore|iPhoneSimulator.Build.0 = Release|x86
		{D8D91536-3080-4E5D-8BAE-A9CEE9F97B5A}.AppStore|iPhoneSimulator.Deploy.0 = Release|x86
		{D8D91536-3080-4E5D-8BAE-A9CEE9F97B5A}.AppStore|x64.ActiveCfg = Release|x64
		{D8D91536-3080-4E5D-8BAE-A9CEE9F97B5A}.AppStore|x64.Build.0 = Release|x64
		{D8D91536-3080-4E5D-8BAE-A9CEE9F97B5A}.AppStore|x64.Deploy.0 = Release|x64
		{D8D91536-3080-4E5D-8BAE-A9CEE9F97B5A}.AppStore|x86.ActiveCfg = Release|x86
		{D8D91536-3080-4E5D-8BAE-A9CEE9F97B5A}.AppStore|x86.Build.0 = Release|x86
		{D8D91536-3080-4E5D-8BAE-A9CEE9F97B5A}.AppStore|x86.Deploy.0 = Release|x86
		{D8D91536-3080-4E5D-8BAE-A9CEE9F97B5A}.Debug|Any CPU.ActiveCfg = Debug|x86
		{D8D91536-3080-4E5D-8BAE-A9CEE9F97B5A}.Debug|ARM.ActiveCfg = Debug|ARM
		{D8D91536-3080-4E5D-8BAE-A9CEE9F97B5A}.Debug|ARM.Build.0 = Debug|ARM
		{D8D91536-3080-4E5D-8BAE-A9CEE9F97B5A}.Debug|ARM.Deploy.0 = Debug|ARM
		{D8D91536-3080-4E5D-8BAE-A9CEE9F97B5A}.Debug|iPhone.ActiveCfg = Debug|x86
		{D8D91536-3080-4E5D-8BAE-A9CEE9F97B5A}.Debug|iPhoneSimulator.ActiveCfg = Debug|x86
		{D8D91536-3080-4E5D-8BAE-A9CEE9F97B5A}.Debug|x64.ActiveCfg = Debug|x64
		{D8D91536-3080-4E5D-8BAE-A9CEE9F97B5A}.Debug|x64.Build.0 = Debug|x64
		{D8D91536-3080-4E5D-8BAE-A9CEE9F97B5A}.Debug|x64.Deploy.0 = Debug|x64
		{D8D91536-3080-4E5D-8BAE-A9CEE9F97B5A}.Debug|x86.ActiveCfg = Debug|x86
		{D8D91536-3080-4E5D-8BAE-A9CEE9F97B5A}.Debug|x86.Build.0 = Debug|x86
		{D8D91536-3080-4E5D-8BAE-A9CEE9F97B5A}.Debug|x86.Deploy.0 = Debug|x86
		{D8D91536-3080-4E5D-8BAE-A9CEE9F97B5A}.Release|Any CPU.ActiveCfg = Release|x86
		{D8D91536-3080-4E5D-8BAE-A9CEE9F97B5A}.Release|ARM.ActiveCfg = Release|ARM
		{D8D91536-3080-4E5D-8BAE-A9CEE9F97B5A}.Release|ARM.Build.0 = Release|ARM
		{D8D91536-3080-4E5D-8BAE-A9CEE9F97B5A}.Release|ARM.Deploy.0 = Release|ARM
		{D8D91536-3080-4E5D-8BAE-A9CEE9F97B5A}.Release|iPhone.ActiveCfg = Release|x86
		{D8D91536-3080-4E5D-8BAE-A9CEE9F97B5A}.Release|iPhoneSimulator.ActiveCfg = Release|x86
		{D8D91536-3080-4E5D-8BAE-A9CEE9F97B5A}.Release|x64.ActiveCfg = Release|x64
		{D8D91536-3080-4E5D-8BAE-A9CEE9F97B5A}.Release|x64.Build.0 = Release|x64
		{D8D91536-3080-4E5D-8BAE-A9CEE9F97B5A}.Release|x64.Deploy.0 = Release|x64
		{D8D91536-3080-4E5D-8BAE-A9CEE9F97B5A}.Release|x86.ActiveCfg = Release|x86
		{D8D91536-3080-4E5D-8BAE-A9CEE9F97B5A}.Release|x86.Build.0 = Release|x86
		{D8D91536-3080-4E5D-8BAE-A9CEE9F97B5A}.Release|x86.Deploy.0 = Release|x86
		{4C93AF77-E24D-4617-8559-A60C789A2DC3}.Ad-Hoc|Any CPU.ActiveCfg = Ad-Hoc|iPhone
		{4C93AF77-E24D-4617-8559-A60C789A2DC3}.Ad-Hoc|ARM.ActiveCfg = Ad-Hoc|iPhone
		{4C93AF77-E24D-4617-8559-A60C789A2DC3}.Ad-Hoc|iPhone.ActiveCfg = Ad-Hoc|iPhone
		{4C93AF77-E24D-4617-8559-A60C789A2DC3}.Ad-Hoc|iPhone.Build.0 = Ad-Hoc|iPhone
		{4C93AF77-E24D-4617-8559-A60C789A2DC3}.Ad-Hoc|iPhoneSimulator.ActiveCfg = Ad-Hoc|iPhoneSimulator
		{4C93AF77-E24D-4617-8559-A60C789A2DC3}.Ad-Hoc|iPhoneSimulator.Build.0 = Ad-Hoc|iPhoneSimulator
		{4C93AF77-E24D-4617-8559-A60C789A2DC3}.Ad-Hoc|x64.ActiveCfg = Ad-Hoc|iPhone
		{4C93AF77-E24D-4617-8559-A60C789A2DC3}.Ad-Hoc|x86.ActiveCfg = Ad-Hoc|iPhone
		{4C93AF77-E24D-4617-8559-A60C789A2DC3}.AppStore|Any CPU.ActiveCfg = AppStore|iPhone
		{4C93AF77-E24D-4617-8559-A60C789A2DC3}.AppStore|ARM.ActiveCfg = AppStore|iPhone
		{4C93AF77-E24D-4617-8559-A60C789A2DC3}.AppStore|iPhone.ActiveCfg = AppStore|iPhone
		{4C93AF77-E24D-4617-8559-A60C789A2DC3}.AppStore|iPhone.Build.0 = AppStore|iPhone
		{4C93AF77-E24D-4617-8559-A60C789A2DC3}.AppStore|iPhoneSimulator.ActiveCfg = AppStore|iPhoneSimulator
		{4C93AF77-E24D-4617-8559-A60C789A2DC3}.AppStore|iPhoneSimulator.Build.0 = AppStore|iPhoneSimulator
		{4C93AF77-E24D-4617-8559-A60C789A2DC3}.AppStore|x64.ActiveCfg = AppStore|iPhone
		{4C93AF77-E24D-4617-8559-A60C789A2DC3}.AppStore|x86.ActiveCfg = AppStore|iPhone
		{4C93AF77-E24D-4617-8559-A60C789A2DC3}.Debug|Any CPU.ActiveCfg = Debug|iPhone
		{4C93AF77-E24D-4617-8559-A60C789A2DC3}.Debug|ARM.ActiveCfg = Debug|iPhone
		{4C93AF77-E24D-4617-8559-A60C789A2DC3}.Debug|iPhone.ActiveCfg = Debug|iPhone
		{4C93AF77-E24D-4617-8559-A60C789A2DC3}.Debug|iPhone.Build.0 = Debug|iPhone
		{4C93AF77-E24D-4617-8559-A60C789A2DC3}.Debug|iPhoneSimulator.ActiveCfg = Debug|iPhoneSimulator
		{4C93AF77-E24D-4617-8559-A60C789A2DC3}.Debug|iPhoneSimulator.Build.0 = Debug|iPhoneSimulator
		{4C93AF77-E24D-4617-8559-A60C789A2DC3}.Debug|x64.ActiveCfg = Debug|iPhone
		{4C93AF77-E24D-4617-8559-A60C789A2DC3}.Debug|x86.ActiveCfg = Debug|iPhone
		{4C93AF77-E24D-4617-8559-A60C789A2DC3}.Release|Any CPU.ActiveCfg = Release|iPhone
		{4C93AF77-E24D-4617-8559-A60C789A2DC3}.Release|ARM.ActiveCfg = Release|iPhone
		{4C93AF77-E24D-4617-8559-A60C789A2DC3}.Release|iPhone.ActiveCfg = Release|iPhone
		{4C93AF77-E24D-4617-8559-A60C789A2DC3}.Release|iPhone.Build.0 = Release|iPhone
		{4C93AF77-E24D-4617-8559-A60C789A2DC3}.Release|iPhoneSimulator.ActiveCfg = Release|iPhoneSimulator
		{4C93AF77-E24D-4617-8559-A60C789A2DC3}.Release|iPhoneSimulator.Build.0 = Release|iPhoneSimulator
		{4C93AF77-E24D-4617-8559-A60C789A2DC3}.Release|x64.ActiveCfg = Release|iPhone
		{4C93AF77-E24D-4617-8559-A60C789A2DC3}.Release|x86.ActiveCfg = Release|iPhone
	EndGlobalSection
	GlobalSection(SolutionProperties) = preSolution
		HideSolutionNode = FALSE
	EndGlobalSection
EndGlobal
